
Microsoft Visual Studio Solution File, Format Version 12.00
# Visual Studio Version 16
VisualStudioVersion = 16.0.29709.97
MinimumVisualStudioVersion = 10.0.40219.1
Project("{F184B08F-C81C-45F6-A57F-5ABD9991F28F}") = "SliceModule", "Slice\SliceModule.vbproj", "{65337DE6-62BC-4C4A-A37F-3F4F2CA99901}"
EndProject
Project("{F184B08F-C81C-45F6-A57F-5ABD9991F28F}") = "SliceTest", "SliceTest\SliceTest.vbproj", "{9370CC0C-5C81-4157-8DE0-15CBC147A4E3}"
EndProject
Global
	GlobalSection(SolutionConfigurationPlatforms) = preSolution
		Debug|Any CPU = Debug|Any CPU
		Release|Any CPU = Release|Any CPU
	EndGlobalSection
	GlobalSection(ProjectConfigurationPlatforms) = postSolution
		{65337DE6-62BC-4C4A-A37F-3F4F2CA99901}.Debug|Any CPU.ActiveCfg = Debug|Any CPU
		{65337DE6-62BC-4C4A-A37F-3F4F2CA99901}.Debug|Any CPU.Build.0 = Debug|Any CPU
		{65337DE6-62BC-4C4A-A37F-3F4F2CA99901}.Release|Any CPU.ActiveCfg = Release|Any CPU
		{65337DE6-62BC-4C4A-A37F-3F4F2CA99901}.Release|Any CPU.Build.0 = Release|Any CPU
		{9370CC0C-5C81-4157-8DE0-15CBC147A4E3}.Debug|Any CPU.ActiveCfg = Debug|Any CPU
		{9370CC0C-5C81-4157-8DE0-15CBC147A4E3}.Debug|Any CPU.Build.0 = Debug|Any CPU
		{9370CC0C-5C81-4157-8DE0-15CBC147A4E3}.Release|Any CPU.ActiveCfg = Release|Any CPU
		{9370CC0C-5C81-4157-8DE0-15CBC147A4E3}.Release|Any CPU.Build.0 = Release|Any CPU
	EndGlobalSection
	GlobalSection(SolutionProperties) = preSolution
		HideSolutionNode = FALSE
	EndGlobalSection
	GlobalSection(ExtensibilityGlobals) = postSolution
		SolutionGuid = {E3AA3F6E-6D00-433A-80C3-11CB2E780142}
	EndGlobalSection
EndGlobal
